
Microsoft Visual Studio Solution File, Format Version 12.00
# Visual Studio Version 16
VisualStudioVersion = 16.0.30011.22
MinimumVisualStudioVersion = 10.0.40219.1
Project("{FAE04EC0-301F-11D3-BF4B-00C04F79EFBC}") = "Tarea2", "Tarea2.csproj", "{92CD1305-50AB-4275-8E76-16D99A30E283}"
EndProject
Global
	GlobalSection(SolutionConfigurationPlatforms) = preSolution
		Debug|Any CPU = Debug|Any CPU
		Release|Any CPU = Release|Any CPU
	EndGlobalSection
	GlobalSection(ProjectConfigurationPlatforms) = postSolution
		{92CD1305-50AB-4275-8E76-16D99A30E283}.Debug|Any CPU.ActiveCfg = Debug|Any CPU
		{92CD1305-50AB-4275-8E76-16D99A30E283}.Debug|Any CPU.Build.0 = Debug|Any CPU
		{92CD1305-50AB-4275-8E76-16D99A30E283}.Release|Any CPU.ActiveCfg = Release|Any CPU
		{92CD1305-50AB-4275-8E76-16D99A30E283}.Release|Any CPU.Build.0 = Release|Any CPU
	EndGlobalSection
	GlobalSection(SolutionProperties) = preSolution
		HideSolutionNode = FALSE
	EndGlobalSection
	GlobalSection(ExtensibilityGlobals) = postSolution
		SolutionGuid = {236EB223-27C2-4A6D-AD42-80C0EB6514AA}
	EndGlobalSection
EndGlobal
